// !$*UTF8*$!
{
	archiveVersion = 1;
	classes = {
	};
	objectVersion = 52;
	objects = {

/* Begin PBXBuildFile section */
		89FAEF2323055E9B0098DCA9 /* AppDelegate.swift in Sources */ = {isa = PBXBuildFile; fileRef = 89FAEF2223055E9B0098DCA9 /* AppDelegate.swift */; };
		89FAEF2523055E9B0098DCA9 /* SceneDelegate.swift in Sources */ = {isa = PBXBuildFile; fileRef = 89FAEF2423055E9B0098DCA9 /* SceneDelegate.swift */; };
		89FAEF2723055E9B0098DCA9 /* ContentView.swift in Sources */ = {isa = PBXBuildFile; fileRef = 89FAEF2623055E9B0098DCA9 /* ContentView.swift */; };
		89FAEF2923055E9D0098DCA9 /* Assets.xcassets in Resources */ = {isa = PBXBuildFile; fileRef = 89FAEF2823055E9D0098DCA9 /* Assets.xcassets */; };
		89FAEF2C23055E9D0098DCA9 /* Preview Assets.xcassets in Resources */ = {isa = PBXBuildFile; fileRef = 89FAEF2B23055E9D0098DCA9 /* Preview Assets.xcassets */; };
		89FAEF2F23055E9D0098DCA9 /* LaunchScreen.storyboard in Resources */ = {isa = PBXBuildFile; fileRef = 89FAEF2D23055E9D0098DCA9 /* LaunchScreen.storyboard */; };
		89FAEF37230560A40098DCA9 /* XcodeReleasesEndpoint.swift in Sources */ = {isa = PBXBuildFile; fileRef = 89FAEF36230560A40098DCA9 /* XcodeReleasesEndpoint.swift */; };
		89FAEF3A2305626E0098DCA9 /* TinyNetworking in Frameworks */ = {isa = PBXBuildFile; productRef = 89FAEF392305626E0098DCA9 /* TinyNetworking */; };
		89FAEF3C2306AFDF0098DCA9 /* XcodeRelease.swift in Sources */ = {isa = PBXBuildFile; fileRef = 89FAEF3B2306AFDF0098DCA9 /* XcodeRelease.swift */; };
		89FAEF402306B91A0098DCA9 /* localtestdata.json in Resources */ = {isa = PBXBuildFile; fileRef = 89FAEF3F2306B91A0098DCA9 /* localtestdata.json */; };
		89FAEF42230731220098DCA9 /* XcodeReleaseList.swift in Sources */ = {isa = PBXBuildFile; fileRef = 89FAEF41230731220098DCA9 /* XcodeReleaseList.swift */; };
		89FAEF44230733AF0098DCA9 /* XcodeReleasesCaller.swift in Sources */ = {isa = PBXBuildFile; fileRef = 89FAEF43230733AF0098DCA9 /* XcodeReleasesCaller.swift */; };
		89FAEF4623084B030098DCA9 /* XcodeReleaseRow.swift in Sources */ = {isa = PBXBuildFile; fileRef = 89FAEF4523084B030098DCA9 /* XcodeReleaseRow.swift */; };
/* End PBXBuildFile section */

/* Begin PBXFileReference section */
		89FAEF1F23055E9B0098DCA9 /* XcodeReleases.app */ = {isa = PBXFileReference; explicitFileType = wrapper.application; includeInIndex = 0; path = XcodeReleases.app; sourceTree = BUILT_PRODUCTS_DIR; };
		89FAEF2223055E9B0098DCA9 /* AppDelegate.swift */ = {isa = PBXFileReference; lastKnownFileType = sourcecode.swift; path = AppDelegate.swift; sourceTree = "<group>"; };
		89FAEF2423055E9B0098DCA9 /* SceneDelegate.swift */ = {isa = PBXFileReference; lastKnownFileType = sourcecode.swift; path = SceneDelegate.swift; sourceTree = "<group>"; };
		89FAEF2623055E9B0098DCA9 /* ContentView.swift */ = {isa = PBXFileReference; lastKnownFileType = sourcecode.swift; path = ContentView.swift; sourceTree = "<group>"; };
		89FAEF2823055E9D0098DCA9 /* Assets.xcassets */ = {isa = PBXFileReference; lastKnownFileType = folder.assetcatalog; path = Assets.xcassets; sourceTree = "<group>"; };
		89FAEF2B23055E9D0098DCA9 /* Preview Assets.xcassets */ = {isa = PBXFileReference; lastKnownFileType = folder.assetcatalog; path = "Preview Assets.xcassets"; sourceTree = "<group>"; };
		89FAEF2E23055E9D0098DCA9 /* Base */ = {isa = PBXFileReference; lastKnownFileType = file.storyboard; name = Base; path = Base.lproj/LaunchScreen.storyboard; sourceTree = "<group>"; };
		89FAEF3023055E9D0098DCA9 /* Info.plist */ = {isa = PBXFileReference; lastKnownFileType = text.plist.xml; path = Info.plist; sourceTree = "<group>"; };
		89FAEF36230560A40098DCA9 /* XcodeReleasesEndpoint.swift */ = {isa = PBXFileReference; lastKnownFileType = sourcecode.swift; path = XcodeReleasesEndpoint.swift; sourceTree = "<group>"; };
		89FAEF3B2306AFDF0098DCA9 /* XcodeRelease.swift */ = {isa = PBXFileReference; lastKnownFileType = sourcecode.swift; path = XcodeRelease.swift; sourceTree = "<group>"; };
		89FAEF3F2306B91A0098DCA9 /* localtestdata.json */ = {isa = PBXFileReference; fileEncoding = 4; lastKnownFileType = text.json; path = localtestdata.json; sourceTree = "<group>"; };
		89FAEF41230731220098DCA9 /* XcodeReleaseList.swift */ = {isa = PBXFileReference; lastKnownFileType = sourcecode.swift; path = XcodeReleaseList.swift; sourceTree = "<group>"; };
		89FAEF43230733AF0098DCA9 /* XcodeReleasesCaller.swift */ = {isa = PBXFileReference; lastKnownFileType = sourcecode.swift; path = XcodeReleasesCaller.swift; sourceTree = "<group>"; };
		89FAEF4523084B030098DCA9 /* XcodeReleaseRow.swift */ = {isa = PBXFileReference; lastKnownFileType = sourcecode.swift; path = XcodeReleaseRow.swift; sourceTree = "<group>"; };
/* End PBXFileReference section */

/* Begin PBXFrameworksBuildPhase section */
		89FAEF1C23055E9B0098DCA9 /* Frameworks */ = {
			isa = PBXFrameworksBuildPhase;
			buildActionMask = 2147483647;
			files = (
				89FAEF3A2305626E0098DCA9 /* TinyNetworking in Frameworks */,
			);
			runOnlyForDeploymentPostprocessing = 0;
		};
/* End PBXFrameworksBuildPhase section */

/* Begin PBXGroup section */
		89FAEF1623055E9B0098DCA9 = {
			isa = PBXGroup;
			children = (
				89FAEF2123055E9B0098DCA9 /* XcodeReleases */,
				89FAEF2023055E9B0098DCA9 /* Products */,
			);
			sourceTree = "<group>";
		};
		89FAEF2023055E9B0098DCA9 /* Products */ = {
			isa = PBXGroup;
			children = (
				89FAEF1F23055E9B0098DCA9 /* XcodeReleases.app */,
			);
			name = Products;
			sourceTree = "<group>";
		};
		89FAEF2123055E9B0098DCA9 /* XcodeReleases */ = {
			isa = PBXGroup;
			children = (
				89FAEF3F2306B91A0098DCA9 /* localtestdata.json */,
				89FAEF2223055E9B0098DCA9 /* AppDelegate.swift */,
				89FAEF2423055E9B0098DCA9 /* SceneDelegate.swift */,
				89FAEF2623055E9B0098DCA9 /* ContentView.swift */,
				89FAEF43230733AF0098DCA9 /* XcodeReleasesCaller.swift */,
				89FAEF2823055E9D0098DCA9 /* Assets.xcassets */,
				89FAEF2D23055E9D0098DCA9 /* LaunchScreen.storyboard */,
				89FAEF3023055E9D0098DCA9 /* Info.plist */,
				89FAEF2A23055E9D0098DCA9 /* Preview Content */,
				89FAEF36230560A40098DCA9 /* XcodeReleasesEndpoint.swift */,
				89FAEF3B2306AFDF0098DCA9 /* XcodeRelease.swift */,
				89FAEF41230731220098DCA9 /* XcodeReleaseList.swift */,
				89FAEF4523084B030098DCA9 /* XcodeReleaseRow.swift */,
			);
			path = XcodeReleases;
			sourceTree = "<group>";
		};
		89FAEF2A23055E9D0098DCA9 /* Preview Content */ = {
			isa = PBXGroup;
			children = (
				89FAEF2B23055E9D0098DCA9 /* Preview Assets.xcassets */,
			);
			path = "Preview Content";
			sourceTree = "<group>";
		};
/* End PBXGroup section */

/* Begin PBXNativeTarget section */
		89FAEF1E23055E9B0098DCA9 /* XcodeReleases */ = {
			isa = PBXNativeTarget;
			buildConfigurationList = 89FAEF3323055E9D0098DCA9 /* Build configuration list for PBXNativeTarget "XcodeReleases" */;
			buildPhases = (
				89FAEF1B23055E9B0098DCA9 /* Sources */,
				89FAEF1C23055E9B0098DCA9 /* Frameworks */,
				89FAEF1D23055E9B0098DCA9 /* Resources */,
			);
			buildRules = (
			);
			dependencies = (
			);
			name = XcodeReleases;
			packageProductDependencies = (
				89FAEF392305626E0098DCA9 /* TinyNetworking */,
			);
			productName = XcodeReleases;
			productReference = 89FAEF1F23055E9B0098DCA9 /* XcodeReleases.app */;
			productType = "com.apple.product-type.application";
		};
/* End PBXNativeTarget section */

/* Begin PBXProject section */
		89FAEF1723055E9B0098DCA9 /* Project object */ = {
			isa = PBXProject;
			attributes = {
				LastSwiftUpdateCheck = 1100;
				LastUpgradeCheck = 1100;
				ORGANIZATIONNAME = DutchVirtual;
				TargetAttributes = {
					89FAEF1E23055E9B0098DCA9 = {
						CreatedOnToolsVersion = 11.0;
					};
				};
			};
			buildConfigurationList = 89FAEF1A23055E9B0098DCA9 /* Build configuration list for PBXProject "XcodeReleases" */;
			compatibilityVersion = "Xcode 9.3";
			developmentRegion = en;
			hasScannedForEncodings = 0;
			knownRegions = (
				en,
				Base,
			);
			mainGroup = 89FAEF1623055E9B0098DCA9;
			packageReferences = (
				89FAEF382305626D0098DCA9 /* XCRemoteSwiftPackageReference "tiny-networking" */,
			);
			productRefGroup = 89FAEF2023055E9B0098DCA9 /* Products */;
			projectDirPath = "";
			projectRoot = "";
			targets = (
				89FAEF1E23055E9B0098DCA9 /* XcodeReleases */,
			);
		};
/* End PBXProject section */

/* Begin PBXResourcesBuildPhase section */
		89FAEF1D23055E9B0098DCA9 /* Resources */ = {
			isa = PBXResourcesBuildPhase;
			buildActionMask = 2147483647;
			files = (
				89FAEF2F23055E9D0098DCA9 /* LaunchScreen.storyboard in Resources */,
				89FAEF2C23055E9D0098DCA9 /* Preview Assets.xcassets in Resources */,
				89FAEF2923055E9D0098DCA9 /* Assets.xcassets in Resources */,
				89FAEF402306B91A0098DCA9 /* localtestdata.json in Resources */,
			);
			runOnlyForDeploymentPostprocessing = 0;
		};
/* End PBXResourcesBuildPhase section */

/* Begin PBXSourcesBuildPhase section */
		89FAEF1B23055E9B0098DCA9 /* Sources */ = {
			isa = PBXSourcesBuildPhase;
			buildActionMask = 2147483647;
			files = (
				89FAEF3C2306AFDF0098DCA9 /* XcodeRelease.swift in Sources */,
				89FAEF2323055E9B0098DCA9 /* AppDelegate.swift in Sources */,
				89FAEF44230733AF0098DCA9 /* XcodeReleasesCaller.swift in Sources */,
				89FAEF2523055E9B0098DCA9 /* SceneDelegate.swift in Sources */,
				89FAEF4623084B030098DCA9 /* XcodeReleaseRow.swift in Sources */,
				89FAEF37230560A40098DCA9 /* XcodeReleasesEndpoint.swift in Sources */,
				89FAEF2723055E9B0098DCA9 /* ContentView.swift in Sources */,
				89FAEF42230731220098DCA9 /* XcodeReleaseList.swift in Sources */,
			);
			runOnlyForDeploymentPostprocessing = 0;
		};
/* End PBXSourcesBuildPhase section */

/* Begin PBXVariantGroup section */
		89FAEF2D23055E9D0098DCA9 /* LaunchScreen.storyboard */ = {
			isa = PBXVariantGroup;
			children = (
				89FAEF2E23055E9D0098DCA9 /* Base */,
			);
			name = LaunchScreen.storyboard;
			sourceTree = "<group>";
		};
/* End PBXVariantGroup section */

/* Begin XCBuildConfiguration section */
		89FAEF3123055E9D0098DCA9 /* Debug */ = {
			isa = XCBuildConfiguration;
			buildSettings = {
				ALWAYS_SEARCH_USER_PATHS = NO;
				CLANG_ANALYZER_NONNULL = YES;
				CLANG_ANALYZER_NUMBER_OBJECT_CONVERSION = YES_AGGRESSIVE;
				CLANG_CXX_LANGUAGE_STANDARD = "gnu++14";
				CLANG_CXX_LIBRARY = "libc++";
				CLANG_ENABLE_MODULES = YES;
				CLANG_ENABLE_OBJC_ARC = YES;
				CLANG_ENABLE_OBJC_WEAK = YES;
				CLANG_WARN_BLOCK_CAPTURE_AUTORELEASING = YES;
				CLANG_WARN_BOOL_CONVERSION = YES;
				CLANG_WARN_COMMA = YES;
				CLANG_WARN_CONSTANT_CONVERSION = YES;
				CLANG_WARN_DEPRECATED_OBJC_IMPLEMENTATIONS = YES;
				CLANG_WARN_DIRECT_OBJC_ISA_USAGE = YES_ERROR;
				CLANG_WARN_DOCUMENTATION_COMMENTS = YES;
				CLANG_WARN_EMPTY_BODY = YES;
				CLANG_WARN_ENUM_CONVERSION = YES;
				CLANG_WARN_INFINITE_RECURSION = YES;
				CLANG_WARN_INT_CONVERSION = YES;
				CLANG_WARN_NON_LITERAL_NULL_CONVERSION = YES;
				CLANG_WARN_OBJC_IMPLICIT_RETAIN_SELF = YES;
				CLANG_WARN_OBJC_LITERAL_CONVERSION = YES;
				CLANG_WARN_OBJC_ROOT_CLASS = YES_ERROR;
				CLANG_WARN_RANGE_LOOP_ANALYSIS = YES;
				CLANG_WARN_STRICT_PROTOTYPES = YES;
				CLANG_WARN_SUSPICIOUS_MOVE = YES;
				CLANG_WARN_UNGUARDED_AVAILABILITY = YES_AGGRESSIVE;
				CLANG_WARN_UNREACHABLE_CODE = YES;
				CLANG_WARN__DUPLICATE_METHOD_MATCH = YES;
				COPY_PHASE_STRIP = NO;
				DEBUG_INFORMATION_FORMAT = dwarf;
				ENABLE_STRICT_OBJC_MSGSEND = YES;
				ENABLE_TESTABILITY = YES;
				GCC_C_LANGUAGE_STANDARD = gnu11;
				GCC_DYNAMIC_NO_PIC = NO;
				GCC_NO_COMMON_BLOCKS = YES;
				GCC_OPTIMIZATION_LEVEL = 0;
				GCC_PREPROCESSOR_DEFINITIONS = (
					"DEBUG=1",
					"$(inherited)",
				);
				GCC_WARN_64_TO_32_BIT_CONVERSION = YES;
				GCC_WARN_ABOUT_RETURN_TYPE = YES_ERROR;
				GCC_WARN_UNDECLARED_SELECTOR = YES;
				GCC_WARN_UNINITIALIZED_AUTOS = YES_AGGRESSIVE;
				GCC_WARN_UNUSED_FUNCTION = YES;
				GCC_WARN_UNUSED_VARIABLE = YES;
				IPHONEOS_DEPLOYMENT_TARGET = 13.0;
				MTL_ENABLE_DEBUG_INFO = INCLUDE_SOURCE;
				MTL_FAST_MATH = YES;
				ONLY_ACTIVE_ARCH = YES;
				SDKROOT = iphoneos;
				SWIFT_ACTIVE_COMPILATION_CONDITIONS = DEBUG;
				SWIFT_OPTIMIZATION_LEVEL = "-Onone";
			};
			name = Debug;
		};
		89FAEF3223055E9D0098DCA9 /* Release */ = {
			isa = XCBuildConfiguration;
			buildSettings = {
				ALWAYS_SEARCH_USER_PATHS = NO;
				CLANG_ANALYZER_NONNULL = YES;
				CLANG_ANALYZER_NUMBER_OBJECT_CONVERSION = YES_AGGRESSIVE;
				CLANG_CXX_LANGUAGE_STANDARD = "gnu++14";
				CLANG_CXX_LIBRARY = "libc++";
				CLANG_ENABLE_MODULES = YES;
				CLANG_ENABLE_OBJC_ARC = YES;
				CLANG_ENABLE_OBJC_WEAK = YES;
				CLANG_WARN_BLOCK_CAPTURE_AUTORELEASING = YES;
				CLANG_WARN_BOOL_CONVERSION = YES;
				CLANG_WARN_COMMA = YES;
				CLANG_WARN_CONSTANT_CONVERSION = YES;
				CLANG_WARN_DEPRECATED_OBJC_IMPLEMENTATIONS = YES;
				CLANG_WARN_DIRECT_OBJC_ISA_USAGE = YES_ERROR;
				CLANG_WARN_DOCUMENTATION_COMMENTS = YES;
				CLANG_WARN_EMPTY_BODY = YES;
				CLANG_WARN_ENUM_CONVERSION = YES;
				CLANG_WARN_INFINITE_RECURSION = YES;
				CLANG_WARN_INT_CONVERSION = YES;
				CLANG_WARN_NON_LITERAL_NULL_CONVERSION = YES;
				CLANG_WARN_OBJC_IMPLICIT_RETAIN_SELF = YES;
				CLANG_WARN_OBJC_LITERAL_CONVERSION = YES;
				CLANG_WARN_OBJC_ROOT_CLASS = YES_ERROR;
				CLANG_WARN_RANGE_LOOP_ANALYSIS = YES;
				CLANG_WARN_STRICT_PROTOTYPES = YES;
				CLANG_WARN_SUSPICIOUS_MOVE = YES;
				CLANG_WARN_UNGUARDED_AVAILABILITY = YES_AGGRESSIVE;
				CLANG_WARN_UNREACHABLE_CODE = YES;
				CLANG_WARN__DUPLICATE_METHOD_MATCH = YES;
				COPY_PHASE_STRIP = NO;
				DEBUG_INFORMATION_FORMAT = "dwarf-with-dsym";
				ENABLE_NS_ASSERTIONS = NO;
				ENABLE_STRICT_OBJC_MSGSEND = YES;
				GCC_C_LANGUAGE_STANDARD = gnu11;
				GCC_NO_COMMON_BLOCKS = YES;
				GCC_WARN_64_TO_32_BIT_CONVERSION = YES;
				GCC_WARN_ABOUT_RETURN_TYPE = YES_ERROR;
				GCC_WARN_UNDECLARED_SELECTOR = YES;
				GCC_WARN_UNINITIALIZED_AUTOS = YES_AGGRESSIVE;
				GCC_WARN_UNUSED_FUNCTION = YES;
				GCC_WARN_UNUSED_VARIABLE = YES;
				IPHONEOS_DEPLOYMENT_TARGET = 13.0;
				MTL_ENABLE_DEBUG_INFO = NO;
				MTL_FAST_MATH = YES;
				SDKROOT = iphoneos;
				SWIFT_COMPILATION_MODE = wholemodule;
				SWIFT_OPTIMIZATION_LEVEL = "-O";
				VALIDATE_PRODUCT = YES;
			};
			name = Release;
		};
		89FAEF3423055E9D0098DCA9 /* Debug */ = {
			isa = XCBuildConfiguration;
			buildSettings = {
				ASSETCATALOG_COMPILER_APPICON_NAME = AppIcon;
				CODE_SIGN_STYLE = Automatic;
				DEVELOPMENT_ASSET_PATHS = "XcodeReleases/Preview\\ Content";
				ENABLE_PREVIEWS = YES;
				INFOPLIST_FILE = XcodeReleases/Info.plist;
				LD_RUNPATH_SEARCH_PATHS = (
					"$(inherited)",
					"@executable_path/Frameworks",
				);
				PRODUCT_BUNDLE_IDENTIFIER = nl.dutchvirtual.XcodeReleases;
				PRODUCT_NAME = "$(TARGET_NAME)";
				SWIFT_VERSION = 5.0;
				TARGETED_DEVICE_FAMILY = "1,2";
			};
			name = Debug;
		};
		89FAEF3523055E9D0098DCA9 /* Release */ = {
			isa = XCBuildConfiguration;
			buildSettings = {
				ASSETCATALOG_COMPILER_APPICON_NAME = AppIcon;
				CODE_SIGN_STYLE = Automatic;
				DEVELOPMENT_ASSET_PATHS = "XcodeReleases/Preview\\ Content";
				ENABLE_PREVIEWS = YES;
				INFOPLIST_FILE = XcodeReleases/Info.plist;
				LD_RUNPATH_SEARCH_PATHS = (
					"$(inherited)",
					"@executable_path/Frameworks",
				);
				PRODUCT_BUNDLE_IDENTIFIER = nl.dutchvirtual.XcodeReleases;
				PRODUCT_NAME = "$(TARGET_NAME)";
				SWIFT_VERSION = 5.0;
				TARGETED_DEVICE_FAMILY = "1,2";
			};
			name = Release;
		};
/* End XCBuildConfiguration section */

/* Begin XCConfigurationList section */
		89FAEF1A23055E9B0098DCA9 /* Build configuration list for PBXProject "XcodeReleases" */ = {
			isa = XCConfigurationList;
			buildConfigurations = (
				89FAEF3123055E9D0098DCA9 /* Debug */,
				89FAEF3223055E9D0098DCA9 /* Release */,
			);
			defaultConfigurationIsVisible = 0;
			defaultConfigurationName = Release;
		};
		89FAEF3323055E9D0098DCA9 /* Build configuration list for PBXNativeTarget "XcodeReleases" */ = {
			isa = XCConfigurationList;
			buildConfigurations = (
				89FAEF3423055E9D0098DCA9 /* Debug */,
				89FAEF3523055E9D0098DCA9 /* Release */,
			);
			defaultConfigurationIsVisible = 0;
			defaultConfigurationName = Release;
		};
/* End XCConfigurationList section */

/* Begin XCRemoteSwiftPackageReference section */
		89FAEF382305626D0098DCA9 /* XCRemoteSwiftPackageReference "tiny-networking" */ = {
			isa = XCRemoteSwiftPackageReference;
			repositoryURL = "https://github.com/objcio/tiny-networking";
			requirement = {
				kind = upToNextMajorVersion;
				minimumVersion = 0.2.0;
			};
		};
/* End XCRemoteSwiftPackageReference section */

/* Begin XCSwiftPackageProductDependency section */
		89FAEF392305626E0098DCA9 /* TinyNetworking */ = {
			isa = XCSwiftPackageProductDependency;
			package = 89FAEF382305626D0098DCA9 /* XCRemoteSwiftPackageReference "tiny-networking" */;
			productName = TinyNetworking;
		};
/* End XCSwiftPackageProductDependency section */
	};
	rootObject = 89FAEF1723055E9B0098DCA9 /* Project object */;
}
